// !$*UTF8*$!
{
	archiveVersion = 1;
	classes = {
	};
	objectVersion = 50;
	objects = {

/* Begin PBXBuildFile section */
		311C348525F8641900C3234E /* AppDelegate.swift in Sources */ = {isa = PBXBuildFile; fileRef = 311C348425F8641900C3234E /* AppDelegate.swift */; };
		311C348725F8641900C3234E /* SceneDelegate.swift in Sources */ = {isa = PBXBuildFile; fileRef = 311C348625F8641900C3234E /* SceneDelegate.swift */; };
		311C348E25F8641A00C3234E /* Assets.xcassets in Resources */ = {isa = PBXBuildFile; fileRef = 311C348D25F8641A00C3234E /* Assets.xcassets */; };
		311C349125F8641A00C3234E /* LaunchScreen.storyboard in Resources */ = {isa = PBXBuildFile; fileRef = 311C348F25F8641A00C3234E /* LaunchScreen.storyboard */; };
		311C34A125F86BF500C3234E /* SerachViewController.swift in Sources */ = {isa = PBXBuildFile; fileRef = 311C34A025F86BF500C3234E /* SerachViewController.swift */; };
		311C34A425F86C3600C3234E /* FavoritesListViewController.swift in Sources */ = {isa = PBXBuildFile; fileRef = 311C34A325F86C3600C3234E /* FavoritesListViewController.swift */; };
		311C34A725F8738000C3234E /* GFButton.swift in Sources */ = {isa = PBXBuildFile; fileRef = 311C34A625F8738000C3234E /* GFButton.swift */; };
		314A378225F981F00099218E /* GFTextField.swift in Sources */ = {isa = PBXBuildFile; fileRef = 314A378125F981F00099218E /* GFTextField.swift */; };
		314A378525F9AE0C0099218E /* FavsListViewController.swift in Sources */ = {isa = PBXBuildFile; fileRef = 314A378425F9AE0C0099218E /* FavsListViewController.swift */; };
		314A378825F9B7790099218E /* GFTitleField.swift in Sources */ = {isa = PBXBuildFile; fileRef = 314A378725F9B7790099218E /* GFTitleField.swift */; };
		314A378B25FA795B0099218E /* GFBodyLabel.swift in Sources */ = {isa = PBXBuildFile; fileRef = 314A378A25FA795B0099218E /* GFBodyLabel.swift */; };
		314A378E25FA7A1E0099218E /* GFAlertViewController.swift in Sources */ = {isa = PBXBuildFile; fileRef = 314A378D25FA7A1E0099218E /* GFAlertViewController.swift */; };
		314A379125FA80820099218E /* GFAlertViewContainer.swift in Sources */ = {isa = PBXBuildFile; fileRef = 314A379025FA80820099218E /* GFAlertViewContainer.swift */; };
		314A379425FAB5B50099218E /* UIVIewController+Ext.swift in Sources */ = {isa = PBXBuildFile; fileRef = 314A379325FAB5B50099218E /* UIVIewController+Ext.swift */; };
/* End PBXBuildFile section */

/* Begin PBXFileReference section */
		311C348125F8641900C3234E /* GHFollowers.app */ = {isa = PBXFileReference; explicitFileType = wrapper.application; includeInIndex = 0; path = GHFollowers.app; sourceTree = BUILT_PRODUCTS_DIR; };
		311C348425F8641900C3234E /* AppDelegate.swift */ = {isa = PBXFileReference; lastKnownFileType = sourcecode.swift; path = AppDelegate.swift; sourceTree = "<group>"; };
		311C348625F8641900C3234E /* SceneDelegate.swift */ = {isa = PBXFileReference; lastKnownFileType = sourcecode.swift; path = SceneDelegate.swift; sourceTree = "<group>"; };
		311C348D25F8641A00C3234E /* Assets.xcassets */ = {isa = PBXFileReference; lastKnownFileType = folder.assetcatalog; path = Assets.xcassets; sourceTree = "<group>"; };
		311C349025F8641A00C3234E /* Base */ = {isa = PBXFileReference; lastKnownFileType = file.storyboard; name = Base; path = Base.lproj/LaunchScreen.storyboard; sourceTree = "<group>"; };
		311C349225F8641A00C3234E /* Info.plist */ = {isa = PBXFileReference; lastKnownFileType = text.plist.xml; path = Info.plist; sourceTree = "<group>"; };
		311C34A025F86BF500C3234E /* SerachViewController.swift */ = {isa = PBXFileReference; lastKnownFileType = sourcecode.swift; path = SerachViewController.swift; sourceTree = "<group>"; };
		311C34A325F86C3600C3234E /* FavoritesListViewController.swift */ = {isa = PBXFileReference; lastKnownFileType = sourcecode.swift; path = FavoritesListViewController.swift; sourceTree = "<group>"; };
		311C34A625F8738000C3234E /* GFButton.swift */ = {isa = PBXFileReference; lastKnownFileType = sourcecode.swift; path = GFButton.swift; sourceTree = "<group>"; };
		314A378125F981F00099218E /* GFTextField.swift */ = {isa = PBXFileReference; lastKnownFileType = sourcecode.swift; path = GFTextField.swift; sourceTree = "<group>"; };
		314A378425F9AE0C0099218E /* FavsListViewController.swift */ = {isa = PBXFileReference; lastKnownFileType = sourcecode.swift; path = FavsListViewController.swift; sourceTree = "<group>"; };
		314A378725F9B7790099218E /* GFTitleField.swift */ = {isa = PBXFileReference; lastKnownFileType = sourcecode.swift; path = GFTitleField.swift; sourceTree = "<group>"; };
		314A378A25FA795B0099218E /* GFBodyLabel.swift */ = {isa = PBXFileReference; lastKnownFileType = sourcecode.swift; path = GFBodyLabel.swift; sourceTree = "<group>"; };
		314A378D25FA7A1E0099218E /* GFAlertViewController.swift */ = {isa = PBXFileReference; lastKnownFileType = sourcecode.swift; path = GFAlertViewController.swift; sourceTree = "<group>"; };
		314A379025FA80820099218E /* GFAlertViewContainer.swift */ = {isa = PBXFileReference; lastKnownFileType = sourcecode.swift; path = GFAlertViewContainer.swift; sourceTree = "<group>"; };
		314A379325FAB5B50099218E /* UIVIewController+Ext.swift */ = {isa = PBXFileReference; lastKnownFileType = sourcecode.swift; path = "UIVIewController+Ext.swift"; sourceTree = "<group>"; };
/* End PBXFileReference section */

/* Begin PBXFrameworksBuildPhase section */
		311C347E25F8641900C3234E /* Frameworks */ = {
			isa = PBXFrameworksBuildPhase;
			buildActionMask = 2147483647;
			files = (
			);
			runOnlyForDeploymentPostprocessing = 0;
		};
/* End PBXFrameworksBuildPhase section */

/* Begin PBXGroup section */
		311C347825F8641900C3234E = {
			isa = PBXGroup;
			children = (
				311C348325F8641900C3234E /* GHFollowers */,
				311C348225F8641900C3234E /* Products */,
			);
			sourceTree = "<group>";
		};
		311C348225F8641900C3234E /* Products */ = {
			isa = PBXGroup;
			children = (
				311C348125F8641900C3234E /* GHFollowers.app */,
			);
			name = Products;
			sourceTree = "<group>";
		};
		311C348325F8641900C3234E /* GHFollowers */ = {
			isa = PBXGroup;
			children = (
				314A379625FABD7F0099218E /* Controllers */,
				311C348425F8641900C3234E /* AppDelegate.swift */,
				311C348625F8641900C3234E /* SceneDelegate.swift */,
				311C348D25F8641A00C3234E /* Assets.xcassets */,
				311C348F25F8641A00C3234E /* LaunchScreen.storyboard */,
				311C349225F8641A00C3234E /* Info.plist */,
				311C34A325F86C3600C3234E /* FavoritesListViewController.swift */,
				311C34A625F8738000C3234E /* GFButton.swift */,
				314A378125F981F00099218E /* GFTextField.swift */,
				314A378725F9B7790099218E /* GFTitleField.swift */,
				314A378A25FA795B0099218E /* GFBodyLabel.swift */,
				314A379025FA80820099218E /* GFAlertViewContainer.swift */,
				314A379325FAB5B50099218E /* UIVIewController+Ext.swift */,
			);
			path = GHFollowers;
			sourceTree = "<group>";
		};
		314A379625FABD7F0099218E /* Controllers */ = {
			isa = PBXGroup;
			children = (
				311C34A025F86BF500C3234E /* SerachViewController.swift */,
				314A378425F9AE0C0099218E /* FavsListViewController.swift */,
				314A378D25FA7A1E0099218E /* GFAlertViewController.swift */,
			);
			path = Controllers;
			sourceTree = "<group>";
		};
/* End PBXGroup section */

/* Begin PBXNativeTarget section */
		311C348025F8641900C3234E /* GHFollowers */ = {
			isa = PBXNativeTarget;
			buildConfigurationList = 311C349525F8641A00C3234E /* Build configuration list for PBXNativeTarget "GHFollowers" */;
			buildPhases = (
				311C347D25F8641900C3234E /* Sources */,
				311C347E25F8641900C3234E /* Frameworks */,
				311C347F25F8641900C3234E /* Resources */,
			);
			buildRules = (
			);
			dependencies = (
			);
			name = GHFollowers;
			productName = GHFollowers;
			productReference = 311C348125F8641900C3234E /* GHFollowers.app */;
			productType = "com.apple.product-type.application";
		};
/* End PBXNativeTarget section */

/* Begin PBXProject section */
		311C347925F8641900C3234E /* Project object */ = {
			isa = PBXProject;
			attributes = {
				LastSwiftUpdateCheck = 1230;
				LastUpgradeCheck = 1230;
				TargetAttributes = {
					311C348025F8641900C3234E = {
						CreatedOnToolsVersion = 12.3;
					};
				};
			};
			buildConfigurationList = 311C347C25F8641900C3234E /* Build configuration list for PBXProject "GHFollowers" */;
			compatibilityVersion = "Xcode 9.3";
			developmentRegion = en;
			hasScannedForEncodings = 0;
			knownRegions = (
				en,
				Base,
			);
			mainGroup = 311C347825F8641900C3234E;
			productRefGroup = 311C348225F8641900C3234E /* Products */;
			projectDirPath = "";
			projectRoot = "";
			targets = (
				311C348025F8641900C3234E /* GHFollowers */,
			);
		};
/* End PBXProject section */

/* Begin PBXResourcesBuildPhase section */
		311C347F25F8641900C3234E /* Resources */ = {
			isa = PBXResourcesBuildPhase;
			buildActionMask = 2147483647;
			files = (
				311C349125F8641A00C3234E /* LaunchScreen.storyboard in Resources */,
				311C348E25F8641A00C3234E /* Assets.xcassets in Resources */,
			);
			runOnlyForDeploymentPostprocessing = 0;
		};
/* End PBXResourcesBuildPhase section */

/* Begin PBXSourcesBuildPhase section */
		311C347D25F8641900C3234E /* Sources */ = {
			isa = PBXSourcesBuildPhase;
			buildActionMask = 2147483647;
			files = (
				314A378E25FA7A1E0099218E /* GFAlertViewController.swift in Sources */,
				314A378825F9B7790099218E /* GFTitleField.swift in Sources */,
				314A378225F981F00099218E /* GFTextField.swift in Sources */,
				311C34A125F86BF500C3234E /* SerachViewController.swift in Sources */,
				311C34A725F8738000C3234E /* GFButton.swift in Sources */,
				314A378B25FA795B0099218E /* GFBodyLabel.swift in Sources */,
				311C348525F8641900C3234E /* AppDelegate.swift in Sources */,
				314A378525F9AE0C0099218E /* FavsListViewController.swift in Sources */,
				311C34A425F86C3600C3234E /* FavoritesListViewController.swift in Sources */,
				311C348725F8641900C3234E /* SceneDelegate.swift in Sources */,
				314A379425FAB5B50099218E /* UIVIewController+Ext.swift in Sources */,
				314A379125FA80820099218E /* GFAlertViewContainer.swift in Sources */,
			);
			runOnlyForDeploymentPostprocessing = 0;
		};
/* End PBXSourcesBuildPhase section */

/* Begin PBXVariantGroup section */
		311C348F25F8641A00C3234E /* LaunchScreen.storyboard */ = {
			isa = PBXVariantGroup;
			children = (
				311C349025F8641A00C3234E /* Base */,
			);
			name = LaunchScreen.storyboard;
			sourceTree = "<group>";
		};
/* End PBXVariantGroup section */

/* Begin XCBuildConfiguration section */
		311C349325F8641A00C3234E /* Debug */ = {
			isa = XCBuildConfiguration;
			buildSettings = {
				ALWAYS_SEARCH_USER_PATHS = NO;
				CLANG_ANALYZER_NONNULL = YES;
				CLANG_ANALYZER_NUMBER_OBJECT_CONVERSION = YES_AGGRESSIVE;
				CLANG_CXX_LANGUAGE_STANDARD = "gnu++14";
				CLANG_CXX_LIBRARY = "libc++";
				CLANG_ENABLE_MODULES = YES;
				CLANG_ENABLE_OBJC_ARC = YES;
				CLANG_ENABLE_OBJC_WEAK = YES;
				CLANG_WARN_BLOCK_CAPTURE_AUTORELEASING = YES;
				CLANG_WARN_BOOL_CONVERSION = YES;
				CLANG_WARN_COMMA = YES;
				CLANG_WARN_CONSTANT_CONVERSION = YES;
				CLANG_WARN_DEPRECATED_OBJC_IMPLEMENTATIONS = YES;
				CLANG_WARN_DIRECT_OBJC_ISA_USAGE = YES_ERROR;
				CLANG_WARN_DOCUMENTATION_COMMENTS = YES;
				CLANG_WARN_EMPTY_BODY = YES;
				CLANG_WARN_ENUM_CONVERSION = YES;
				CLANG_WARN_INFINITE_RECURSION = YES;
				CLANG_WARN_INT_CONVERSION = YES;
				CLANG_WARN_NON_LITERAL_NULL_CONVERSION = YES;
				CLANG_WARN_OBJC_IMPLICIT_RETAIN_SELF = YES;
				CLANG_WARN_OBJC_LITERAL_CONVERSION = YES;
				CLANG_WARN_OBJC_ROOT_CLASS = YES_ERROR;
				CLANG_WARN_QUOTED_INCLUDE_IN_FRAMEWORK_HEADER = YES;
				CLANG_WARN_RANGE_LOOP_ANALYSIS = YES;
				CLANG_WARN_STRICT_PROTOTYPES = YES;
				CLANG_WARN_SUSPICIOUS_MOVE = YES;
				CLANG_WARN_UNGUARDED_AVAILABILITY = YES_AGGRESSIVE;
				CLANG_WARN_UNREACHABLE_CODE = YES;
				CLANG_WARN__DUPLICATE_METHOD_MATCH = YES;
				COPY_PHASE_STRIP = NO;
				DEBUG_INFORMATION_FORMAT = dwarf;
				ENABLE_STRICT_OBJC_MSGSEND = YES;
				ENABLE_TESTABILITY = YES;
				GCC_C_LANGUAGE_STANDARD = gnu11;
				GCC_DYNAMIC_NO_PIC = NO;
				GCC_NO_COMMON_BLOCKS = YES;
				GCC_OPTIMIZATION_LEVEL = 0;
				GCC_PREPROCESSOR_DEFINITIONS = (
					"DEBUG=1",
					"$(inherited)",
				);
				GCC_WARN_64_TO_32_BIT_CONVERSION = YES;
				GCC_WARN_ABOUT_RETURN_TYPE = YES_ERROR;
				GCC_WARN_UNDECLARED_SELECTOR = YES;
				GCC_WARN_UNINITIALIZED_AUTOS = YES_AGGRESSIVE;
				GCC_WARN_UNUSED_FUNCTION = YES;
				GCC_WARN_UNUSED_VARIABLE = YES;
				IPHONEOS_DEPLOYMENT_TARGET = 14.3;
				MTL_ENABLE_DEBUG_INFO = INCLUDE_SOURCE;
				MTL_FAST_MATH = YES;
				ONLY_ACTIVE_ARCH = YES;
				SDKROOT = iphoneos;
				SWIFT_ACTIVE_COMPILATION_CONDITIONS = DEBUG;
				SWIFT_OPTIMIZATION_LEVEL = "-Onone";
			};
			name = Debug;
		};
		311C349425F8641A00C3234E /* Release */ = {
			isa = XCBuildConfiguration;
			buildSettings = {
				ALWAYS_SEARCH_USER_PATHS = NO;
				CLANG_ANALYZER_NONNULL = YES;
				CLANG_ANALYZER_NUMBER_OBJECT_CONVERSION = YES_AGGRESSIVE;
				CLANG_CXX_LANGUAGE_STANDARD = "gnu++14";
				CLANG_CXX_LIBRARY = "libc++";
				CLANG_ENABLE_MODULES = YES;
				CLANG_ENABLE_OBJC_ARC = YES;
				CLANG_ENABLE_OBJC_WEAK = YES;
				CLANG_WARN_BLOCK_CAPTURE_AUTORELEASING = YES;
				CLANG_WARN_BOOL_CONVERSION = YES;
				CLANG_WARN_COMMA = YES;
				CLANG_WARN_CONSTANT_CONVERSION = YES;
				CLANG_WARN_DEPRECATED_OBJC_IMPLEMENTATIONS = YES;
				CLANG_WARN_DIRECT_OBJC_ISA_USAGE = YES_ERROR;
				CLANG_WARN_DOCUMENTATION_COMMENTS = YES;
				CLANG_WARN_EMPTY_BODY = YES;
				CLANG_WARN_ENUM_CONVERSION = YES;
				CLANG_WARN_INFINITE_RECURSION = YES;
				CLANG_WARN_INT_CONVERSION = YES;
				CLANG_WARN_NON_LITERAL_NULL_CONVERSION = YES;
				CLANG_WARN_OBJC_IMPLICIT_RETAIN_SELF = YES;
				CLANG_WARN_OBJC_LITERAL_CONVERSION = YES;
				CLANG_WARN_OBJC_ROOT_CLASS = YES_ERROR;
				CLANG_WARN_QUOTED_INCLUDE_IN_FRAMEWORK_HEADER = YES;
				CLANG_WARN_RANGE_LOOP_ANALYSIS = YES;
				CLANG_WARN_STRICT_PROTOTYPES = YES;
				CLANG_WARN_SUSPICIOUS_MOVE = YES;
				CLANG_WARN_UNGUARDED_AVAILABILITY = YES_AGGRESSIVE;
				CLANG_WARN_UNREACHABLE_CODE = YES;
				CLANG_WARN__DUPLICATE_METHOD_MATCH = YES;
				COPY_PHASE_STRIP = NO;
				DEBUG_INFORMATION_FORMAT = "dwarf-with-dsym";
				ENABLE_NS_ASSERTIONS = NO;
				ENABLE_STRICT_OBJC_MSGSEND = YES;
				GCC_C_LANGUAGE_STANDARD = gnu11;
				GCC_NO_COMMON_BLOCKS = YES;
				GCC_WARN_64_TO_32_BIT_CONVERSION = YES;
				GCC_WARN_ABOUT_RETURN_TYPE = YES_ERROR;
				GCC_WARN_UNDECLARED_SELECTOR = YES;
				GCC_WARN_UNINITIALIZED_AUTOS = YES_AGGRESSIVE;
				GCC_WARN_UNUSED_FUNCTION = YES;
				GCC_WARN_UNUSED_VARIABLE = YES;
				IPHONEOS_DEPLOYMENT_TARGET = 14.3;
				MTL_ENABLE_DEBUG_INFO = NO;
				MTL_FAST_MATH = YES;
				SDKROOT = iphoneos;
				SWIFT_COMPILATION_MODE = wholemodule;
				SWIFT_OPTIMIZATION_LEVEL = "-O";
				VALIDATE_PRODUCT = YES;
			};
			name = Release;
		};
		311C349625F8641A00C3234E /* Debug */ = {
			isa = XCBuildConfiguration;
			buildSettings = {
				ASSETCATALOG_COMPILER_APPICON_NAME = AppIcon;
				ASSETCATALOG_COMPILER_GLOBAL_ACCENT_COLOR_NAME = AccentColor;
				CODE_SIGN_STYLE = Automatic;
				DEVELOPMENT_TEAM = U48HD6P4DU;
				INFOPLIST_FILE = GHFollowers/Info.plist;
				LD_RUNPATH_SEARCH_PATHS = (
					"$(inherited)",
					"@executable_path/Frameworks",
				);
				PRODUCT_BUNDLE_IDENTIFIER = com.felixsotelo.GHFollowers;
				PRODUCT_NAME = "$(TARGET_NAME)";
				SWIFT_VERSION = 5.0;
				TARGETED_DEVICE_FAMILY = 1;
			};
			name = Debug;
		};
		311C349725F8641A00C3234E /* Release */ = {
			isa = XCBuildConfiguration;
			buildSettings = {
				ASSETCATALOG_COMPILER_APPICON_NAME = AppIcon;
				ASSETCATALOG_COMPILER_GLOBAL_ACCENT_COLOR_NAME = AccentColor;
				CODE_SIGN_STYLE = Automatic;
				DEVELOPMENT_TEAM = U48HD6P4DU;
				INFOPLIST_FILE = GHFollowers/Info.plist;
				LD_RUNPATH_SEARCH_PATHS = (
					"$(inherited)",
					"@executable_path/Frameworks",
				);
				PRODUCT_BUNDLE_IDENTIFIER = com.felixsotelo.GHFollowers;
				PRODUCT_NAME = "$(TARGET_NAME)";
				SWIFT_VERSION = 5.0;
				TARGETED_DEVICE_FAMILY = 1;
			};
			name = Release;
		};
/* End XCBuildConfiguration section */

/* Begin XCConfigurationList section */
		311C347C25F8641900C3234E /* Build configuration list for PBXProject "GHFollowers" */ = {
			isa = XCConfigurationList;
			buildConfigurations = (
				311C349325F8641A00C3234E /* Debug */,
				311C349425F8641A00C3234E /* Release */,
			);
			defaultConfigurationIsVisible = 0;
			defaultConfigurationName = Release;
		};
		311C349525F8641A00C3234E /* Build configuration list for PBXNativeTarget "GHFollowers" */ = {
			isa = XCConfigurationList;
			buildConfigurations = (
				311C349625F8641A00C3234E /* Debug */,
				311C349725F8641A00C3234E /* Release */,
			);
			defaultConfigurationIsVisible = 0;
			defaultConfigurationName = Release;
		};
/* End XCConfigurationList section */
	};
	rootObject = 311C347925F8641900C3234E /* Project object */;
}
